
Microsoft Visual Studio Solution File, Format Version 12.00
# Visual Studio Version 17
VisualStudioVersion = 17.4.33103.184
MinimumVisualStudioVersion = 10.0.40219.1
Project("{FAE04EC0-301F-11D3-BF4B-00C04F79EFBC}") = "Durak 36", "Durak 36\Durak 36.csproj", "{432A39BC-1C4A-494C-96D2-2E6A1A8D572C}"
EndProject
Global
	GlobalSection(SolutionConfigurationPlatforms) = preSolution
		Debug|Any CPU = Debug|Any CPU
		Release|Any CPU = Release|Any CPU
	EndGlobalSection
	GlobalSection(ProjectConfigurationPlatforms) = postSolution
		{432A39BC-1C4A-494C-96D2-2E6A1A8D572C}.Debug|Any CPU.ActiveCfg = Debug|Any CPU
		{432A39BC-1C4A-494C-96D2-2E6A1A8D572C}.Debug|Any CPU.Build.0 = Debug|Any CPU
		{432A39BC-1C4A-494C-96D2-2E6A1A8D572C}.Release|Any CPU.ActiveCfg = Release|Any CPU
		{432A39BC-1C4A-494C-96D2-2E6A1A8D572C}.Release|Any CPU.Build.0 = Release|Any CPU
	EndGlobalSection
	GlobalSection(SolutionProperties) = preSolution
		HideSolutionNode = FALSE
	EndGlobalSection
	GlobalSection(ExtensibilityGlobals) = postSolution
		SolutionGuid = {A19AE81D-9247-4B39-AF8C-46DABBA78FE9}
	EndGlobalSection
EndGlobal
